Microsoft Visual Studio Solution File, Format Version 12.00
# Visual Studio Version 17
VisualStudioVersion = 17.5.2.0
MinimumVisualStudioVersion = 10.0.40219.1
Project("{FAE04EC0-301F-11D3-BF4B-00C04F79EFBC}") = "hum", "hum.csproj", "{EC37C28D-519D-23A2-739A-58A702604818}"
EndProject
Global
	GlobalSection(SolutionConfigurationPlatforms) = preSolution
		Debug|Any CPU = Debug|Any CPU
		Release|Any CPU = Release|Any CPU
	EndGlobalSection
	GlobalSection(ProjectConfigurationPlatforms) = postSolution
		{EC37C28D-519D-23A2-739A-58A702604818}.Debug|Any CPU.ActiveCfg = Debug|Any CPU
		{EC37C28D-519D-23A2-739A-58A702604818}.Debug|Any CPU.Build.0 = Debug|Any CPU
		{EC37C28D-519D-23A2-739A-58A702604818}.Release|Any CPU.ActiveCfg = Release|Any CPU
		{EC37C28D-519D-23A2-739A-58A702604818}.Release|Any CPU.Build.0 = Release|Any CPU
	EndGlobalSection
	GlobalSection(SolutionProperties) = preSolution
		HideSolutionNode = FALSE
	EndGlobalSection
	GlobalSection(ExtensibilityGlobals) = postSolution
		SolutionGuid = {74DEDA0D-200D-44F3-8AE5-16DCB5DE097C}
	EndGlobalSection
EndGlobal
